<?xml version="1.0" encoding="UTF-8"?>
<Scheme
   LastUpgradeVersion = "0640"
   version = "2.0">
   <BuildAction
      parallelizeBuildables = "YES"
      buildImplicitDependencies = "YES">
      <BuildActionEntries>
         <BuildActionEntry
            buildForTesting = "YES"
            buildForRunning = "YES"
            buildForProfiling = "YES"
            buildForArchiving = "YES"
            buildForAnalyzing = "YES">
            <BuildableReference
               BuildableIdentifier = "primary"
               BlueprintIdentifier = "0540CAAE1B95D2C0004FCDFF"
               BuildableName = "LVMaMa WatchKit App.app"
               BlueprintName = "LVMaMa WatchKit App"
               ReferencedContainer = "container:LVMaMa.xcodeproj">
            </BuildableReference>
         </BuildActionEntry>
         <BuildActionEntry
            buildForTesting = "YES"
            buildForRunning = "YES"
            buildForProfiling = "YES"
            buildForArchiving = "YES"
            buildForAnalyzing = "YES">
            <BuildableReference
               BuildableIdentifier = "primary"
               BlueprintIdentifier = "187F48061B15ECF100F924F6"
               BuildableName = "LVMaMa.app"
               BlueprintName = "LVMaMa"
               ReferencedContainer = "container:LVMaMa.xcodeproj">
            </BuildableReference>
         </BuildActionEntry>
         <BuildActionEntry
            buildForTesting = "YES"
            buildForRunning = "YES"
            buildForProfiling = "YES"
            buildForArchiving = "YES"
            buildForAnalyzing = "YES">
            <BuildableReference
               BuildableIdentifier = "primary"
               BlueprintIdentifier = "0540CA9C1B95D2C0004FCDFF"
               BuildableName = "LVMaMa WatchKit Extension.appex"
               BlueprintName = "LVMaMa WatchKit Extension"
               ReferencedContainer = "container:LVMaMa.xcodeproj">
            </BuildableReference>
         </BuildActionEntry>
      </BuildActionEntries>
   </BuildAction>
   <TestAction
      selectedDebuggerIdentifier = "Xcode.DebuggerFoundation.Debugger.LLDB"
      selectedLauncherIdentifier = "Xcode.DebuggerFoundation.Launcher.LLDB"
      shouldUseLaunchSchemeArgsEnv = "YES"
      buildConfiguration = "Debug">
      <Testables>
      </Testables>
      <MacroExpansion>
         <BuildableReference
            BuildableIdentifier = "primary"
            BlueprintIdentifier = "0540CAAE1B95D2C0004FCDFF"
            BuildableName = "LVMaMa WatchKit App.app"
            BlueprintName = "LVMaMa WatchKit App"
            ReferencedContainer = "container:LVMaMa.xcodeproj">
         </BuildableReference>
      </MacroExpansion>
   </TestAction>
   <LaunchAction
      selectedDebuggerIdentifier = "Xcode.DebuggerFoundation.Debugger.LLDB"
      selectedLauncherIdentifier = "Xcode.DebuggerFoundation.Launcher.LLDB"
      launchStyle = "0"
      useCustomWorkingDirectory = "NO"
      buildConfiguration = "Debug"
      ignoresPersistentStateOnLaunch = "NO"
      debugDocumentVersioning = "YES"
      allowLocationSimulation = "YES"
      launchAutomaticallySubstyle = "8"
      notificationPayloadFile = "LVMaMa WatchKit Extension/PushNotificationPayload.apns">
      <RemoteRunnable
         runnableDebuggingMode = "2"
         BundleIdentifier = "com.apple.springboard"
         RemotePath = "/LVMaMa">
         <BuildableReference
            BuildableIdentifier = "primary"
            BlueprintIdentifier = "0540CAAE1B95D2C0004FCDFF"
            BuildableName = "LVMaMa WatchKit App.app"
            BlueprintName = "LVMaMa WatchKit App"
            ReferencedContainer = "container:LVMaMa.xcodeproj">
         </BuildableReference>
      </RemoteRunnable>
      <MacroExpansion>
         <BuildableReference
            BuildableIdentifier = "primary"
            BlueprintIdentifier = "0540CAAE1B95D2C0004FCDFF"
            BuildableName = "LVMaMa WatchKit App.app"
            BlueprintName = "LVMaMa WatchKit App"
            ReferencedContainer = "container:LVMaMa.xcodeproj">
         </BuildableReference>
      </MacroExpansion>
      <AdditionalOptions>
      </AdditionalOptions>
   </LaunchAction>
   <ProfileAction
      shouldUseLaunchSchemeArgsEnv = "YES"
      savedToolIdentifier = ""
      useCustomWorkingDirectory = "NO"
      buildConfiguration = "Release"
      debugDocumentVersioning = "YES"
      launchAutomaticallySubstyle = "8"
      notificationPayloadFile = "LVMaMa WatchKit Extension/PushNotificationPayload.apns">
      <RemoteRunnable
         runnableDebuggingMode = "2"
         BundleIdentifier = "com.apple.springboard"
         RemotePath = "/LVMaMa">
         <BuildableReference
            BuildableIdentifier = "primary"
            BlueprintIdentifier = "0540CAAE1B95D2C0004FCDFF"
            BuildableName = "LVMaMa WatchKit App.app"
            BlueprintName = "LVMaMa WatchKit App"
            ReferencedContainer = "container:LVMaMa.xcodeproj">
         </BuildableReference>
      </RemoteRunnable>
      <MacroExpansion>
         <BuildableReference
            BuildableIdentifier = "primary"
            BlueprintIdentifier = "0540CAAE1B95D2C0004FCDFF"
            BuildableName = "LVMaMa WatchKit App.app"
            BlueprintName = "LVMaMa WatchKit App"
            ReferencedContainer = "container:LVMaMa.xcodeproj">
         </BuildableReference>
      </MacroExpansion>
   </ProfileAction>
   <AnalyzeAction
      buildConfiguration = "Debug">
   </AnalyzeAction>
   <ArchiveAction
      buildConfiguration = "Release"
      revealArchiveInOrganizer = "YES">
   </ArchiveAction>
</Scheme>
